
Microsoft Visual Studio Solution File, Format Version 12.00
# Visual Studio 15
VisualStudioVersion = 15.0.27130.2036
MinimumVisualStudioVersion = 10.0.40219.1
Project("{FAE04EC0-301F-11D3-BF4B-00C04F79EFBC}") = "PresentationLayer", "Presentation Layer\PresentationLayer.csproj", "{82B79E03-D03B-4EC3-A394-B93458CBC1F2}"
EndProject
Project("{FAE04EC0-301F-11D3-BF4B-00C04F79EFBC}") = "DataLayer", "DataLayer\DataLayer.csproj", "{EABF761A-4F4E-498A-8FA1-D6339D6F069C}"
EndProject
Project("{FAE04EC0-301F-11D3-BF4B-00C04F79EFBC}") = "DomainLayer", "DomainLayer\DomainLayer.csproj", "{BA6CDD60-1B24-4B40-9C11-3E249A8502A0}"
EndProject
Project("{FAE04EC0-301F-11D3-BF4B-00C04F79EFBC}") = "PresentationLayerWeb", "PresentationLayerWeb\PresentationLayerWeb.csproj", "{3E2EFBC8-43A1-43D1-A15F-2127F5F931B8}"
EndProject
Global
	GlobalSection(SolutionConfigurationPlatforms) = preSolution
		Debug|Any CPU = Debug|Any CPU
		Release|Any CPU = Release|Any CPU
	EndGlobalSection
	GlobalSection(ProjectConfigurationPlatforms) = postSolution
		{82B79E03-D03B-4EC3-A394-B93458CBC1F2}.Debug|Any CPU.ActiveCfg = Debug|Any CPU
		{82B79E03-D03B-4EC3-A394-B93458CBC1F2}.Debug|Any CPU.Build.0 = Debug|Any CPU
		{82B79E03-D03B-4EC3-A394-B93458CBC1F2}.Release|Any CPU.ActiveCfg = Release|Any CPU
		{82B79E03-D03B-4EC3-A394-B93458CBC1F2}.Release|Any CPU.Build.0 = Release|Any CPU
		{EABF761A-4F4E-498A-8FA1-D6339D6F069C}.Debug|Any CPU.ActiveCfg = Debug|Any CPU
		{EABF761A-4F4E-498A-8FA1-D6339D6F069C}.Debug|Any CPU.Build.0 = Debug|Any CPU
		{EABF761A-4F4E-498A-8FA1-D6339D6F069C}.Release|Any CPU.ActiveCfg = Release|Any CPU
		{EABF761A-4F4E-498A-8FA1-D6339D6F069C}.Release|Any CPU.Build.0 = Release|Any CPU
		{BA6CDD60-1B24-4B40-9C11-3E249A8502A0}.Debug|Any CPU.ActiveCfg = Debug|Any CPU
		{BA6CDD60-1B24-4B40-9C11-3E249A8502A0}.Debug|Any CPU.Build.0 = Debug|Any CPU
		{BA6CDD60-1B24-4B40-9C11-3E249A8502A0}.Release|Any CPU.ActiveCfg = Release|Any CPU
		{BA6CDD60-1B24-4B40-9C11-3E249A8502A0}.Release|Any CPU.Build.0 = Release|Any CPU
		{3E2EFBC8-43A1-43D1-A15F-2127F5F931B8}.Debug|Any CPU.ActiveCfg = Debug|Any CPU
		{3E2EFBC8-43A1-43D1-A15F-2127F5F931B8}.Debug|Any CPU.Build.0 = Debug|Any CPU
		{3E2EFBC8-43A1-43D1-A15F-2127F5F931B8}.Release|Any CPU.ActiveCfg = Release|Any CPU
		{3E2EFBC8-43A1-43D1-A15F-2127F5F931B8}.Release|Any CPU.Build.0 = Release|Any CPU
	EndGlobalSection
	GlobalSection(SolutionProperties) = preSolution
		HideSolutionNode = FALSE
	EndGlobalSection
	GlobalSection(ExtensibilityGlobals) = postSolution
		SolutionGuid = {898E83C3-1462-40FC-AD8E-C83AEB786CEC}
	EndGlobalSection
EndGlobal
